
Microsoft Visual Studio Solution File, Format Version 12.00
# Visual Studio Version 17
VisualStudioVersion = 17.7.34202.233
MinimumVisualStudioVersion = 10.0.40219.1
Project("{FAE04EC0-301F-11D3-BF4B-00C04F79EFBC}") = "Entities", "Entities\Entities.csproj", "{5C084B61-673F-4864-BFC1-C454583227DB}"
EndProject
Project("{FAE04EC0-301F-11D3-BF4B-00C04F79EFBC}") = "Business", "Business\Business.csproj", "{73F49693-D3A8-4825-8101-7A420EFFE2A3}"
EndProject
Project("{FAE04EC0-301F-11D3-BF4B-00C04F79EFBC}") = "Core", "Core\Core.csproj", "{5FD030AD-9673-481A-A9C6-078FE0E174D4}"
EndProject
Project("{FAE04EC0-301F-11D3-BF4B-00C04F79EFBC}") = "DataAccess", "DataAccess\DataAccess.csproj", "{1074A2C7-FDC9-40EA-B548-B4AEE41DFA43}"
EndProject
Project("{FAE04EC0-301F-11D3-BF4B-00C04F79EFBC}") = "WebApi", "WebApi\WebApi.csproj", "{43585EBD-CCD9-49D7-915E-669B3007BBC3}"
EndProject
Global
	GlobalSection(SolutionConfigurationPlatforms) = preSolution
		Debug|Any CPU = Debug|Any CPU
		Release|Any CPU = Release|Any CPU
	EndGlobalSection
	GlobalSection(ProjectConfigurationPlatforms) = postSolution
		{5C084B61-673F-4864-BFC1-C454583227DB}.Debug|Any CPU.ActiveCfg = Debug|Any CPU
		{5C084B61-673F-4864-BFC1-C454583227DB}.Debug|Any CPU.Build.0 = Debug|Any CPU
		{5C084B61-673F-4864-BFC1-C454583227DB}.Release|Any CPU.ActiveCfg = Release|Any CPU
		{5C084B61-673F-4864-BFC1-C454583227DB}.Release|Any CPU.Build.0 = Release|Any CPU
		{73F49693-D3A8-4825-8101-7A420EFFE2A3}.Debug|Any CPU.ActiveCfg = Debug|Any CPU
		{73F49693-D3A8-4825-8101-7A420EFFE2A3}.Debug|Any CPU.Build.0 = Debug|Any CPU
		{73F49693-D3A8-4825-8101-7A420EFFE2A3}.Release|Any CPU.ActiveCfg = Release|Any CPU
		{73F49693-D3A8-4825-8101-7A420EFFE2A3}.Release|Any CPU.Build.0 = Release|Any CPU
		{5FD030AD-9673-481A-A9C6-078FE0E174D4}.Debug|Any CPU.ActiveCfg = Debug|Any CPU
		{5FD030AD-9673-481A-A9C6-078FE0E174D4}.Debug|Any CPU.Build.0 = Debug|Any CPU
		{5FD030AD-9673-481A-A9C6-078FE0E174D4}.Release|Any CPU.ActiveCfg = Release|Any CPU
		{5FD030AD-9673-481A-A9C6-078FE0E174D4}.Release|Any CPU.Build.0 = Release|Any CPU
		{1074A2C7-FDC9-40EA-B548-B4AEE41DFA43}.Debug|Any CPU.ActiveCfg = Debug|Any CPU
		{1074A2C7-FDC9-40EA-B548-B4AEE41DFA43}.Debug|Any CPU.Build.0 = Debug|Any CPU
		{1074A2C7-FDC9-40EA-B548-B4AEE41DFA43}.Release|Any CPU.ActiveCfg = Release|Any CPU
		{1074A2C7-FDC9-40EA-B548-B4AEE41DFA43}.Release|Any CPU.Build.0 = Release|Any CPU
		{43585EBD-CCD9-49D7-915E-669B3007BBC3}.Debug|Any CPU.ActiveCfg = Debug|Any CPU
		{43585EBD-CCD9-49D7-915E-669B3007BBC3}.Debug|Any CPU.Build.0 = Debug|Any CPU
		{43585EBD-CCD9-49D7-915E-669B3007BBC3}.Release|Any CPU.ActiveCfg = Release|Any CPU
		{43585EBD-CCD9-49D7-915E-669B3007BBC3}.Release|Any CPU.Build.0 = Release|Any CPU
	EndGlobalSection
	GlobalSection(SolutionProperties) = preSolution
		HideSolutionNode = FALSE
	EndGlobalSection
	GlobalSection(ExtensibilityGlobals) = postSolution
		SolutionGuid = {4B054E27-17CA-4BE4-A29F-6EBC08225DF4}
	EndGlobalSection
EndGlobal
